
Microsoft Visual Studio Solution File, Format Version 12.00
# Visual Studio 14
VisualStudioVersion = 14.0.25420.1
MinimumVisualStudioVersion = 10.0.40219.1
Project("{FAE04EC0-301F-11D3-BF4B-00C04F79EFBC}") = "GSN_NEW", "GSN_NEW\GSN_NEW.csproj", "{F0F6EF5F-A0B1-4D10-A1B9-0655533F2D0C}"
EndProject
Project("{FAE04EC0-301F-11D3-BF4B-00C04F79EFBC}") = "ErpDal", "ErpDal\ErpDal.csproj", "{814103D6-67A4-4D8D-8C89-2F8EB3AAD345}"
EndProject
Project("{FAE04EC0-301F-11D3-BF4B-00C04F79EFBC}") = "ClassLibrary1", "ClassLibrary1\ClassLibrary1.csproj", "{C74F6B9A-B79A-44A3-AE33-079EAE1DD088}"
EndProject
Global
	GlobalSection(SolutionConfigurationPlatforms) = preSolution
		Debug|Any CPU = Debug|Any CPU
		Release|Any CPU = Release|Any CPU
	EndGlobalSection
	GlobalSection(ProjectConfigurationPlatforms) = postSolution
		{F0F6EF5F-A0B1-4D10-A1B9-0655533F2D0C}.Debug|Any CPU.ActiveCfg = Debug|Any CPU
		{F0F6EF5F-A0B1-4D10-A1B9-0655533F2D0C}.Debug|Any CPU.Build.0 = Debug|Any CPU
		{F0F6EF5F-A0B1-4D10-A1B9-0655533F2D0C}.Release|Any CPU.ActiveCfg = Release|Any CPU
		{F0F6EF5F-A0B1-4D10-A1B9-0655533F2D0C}.Release|Any CPU.Build.0 = Release|Any CPU
		{814103D6-67A4-4D8D-8C89-2F8EB3AAD345}.Debug|Any CPU.ActiveCfg = Debug|Any CPU
		{814103D6-67A4-4D8D-8C89-2F8EB3AAD345}.Debug|Any CPU.Build.0 = Debug|Any CPU
		{814103D6-67A4-4D8D-8C89-2F8EB3AAD345}.Release|Any CPU.ActiveCfg = Release|Any CPU
		{814103D6-67A4-4D8D-8C89-2F8EB3AAD345}.Release|Any CPU.Build.0 = Release|Any CPU
		{C74F6B9A-B79A-44A3-AE33-079EAE1DD088}.Debug|Any CPU.ActiveCfg = Debug|Any CPU
		{C74F6B9A-B79A-44A3-AE33-079EAE1DD088}.Debug|Any CPU.Build.0 = Debug|Any CPU
		{C74F6B9A-B79A-44A3-AE33-079EAE1DD088}.Release|Any CPU.ActiveCfg = Release|Any CPU
		{C74F6B9A-B79A-44A3-AE33-079EAE1DD088}.Release|Any CPU.Build.0 = Release|Any CPU
	EndGlobalSection
	GlobalSection(SolutionProperties) = preSolution
		HideSolutionNode = FALSE
	EndGlobalSection
EndGlobal
